
Microsoft Visual Studio Solution File, Format Version 12.00
# Visual Studio Version 17
VisualStudioVersion = 17.2.33130.433
MinimumVisualStudioVersion = 10.0.40219.1
Project("{8BC9CEB8-8B4A-11D0-8D11-00A0C91BC942}") = "sys", "sys\sys.vcxproj", "{F72E4825-4241-4BF2-81F3-E85CEE354BD7}"
EndProject
Project("{8BC9CEB8-8B4A-11D0-8D11-00A0C91BC942}") = "exe", "exe\exe.vcxproj", "{82AD99B5-BAA2-4D92-9FAA-6DD599659A34}"
EndProject
Project("{8BC9CEB8-8B4A-11D0-8D11-00A0C91BC942}") = "dll", "dll\dll.vcxproj", "{FCBA1469-6A37-4243-9325-8F60401C0435}"
EndProject
Project("{8BC9CEB8-8B4A-11D0-8D11-00A0C91BC942}") = "lib", "lib\lib.vcxproj", "{2E07F09D-5EBC-4F09-B522-184E5CA1597C}"
EndProject
Global
	GlobalSection(SolutionConfigurationPlatforms) = preSolution
		Debug|ARM64 = Debug|ARM64
		Debug|x64 = Debug|x64
		Debug|x86 = Debug|x86
		Release|ARM64 = Release|ARM64
		Release|x64 = Release|x64
		Release|x86 = Release|x86
	EndGlobalSection
	GlobalSection(ProjectConfigurationPlatforms) = postSolution
		{F72E4825-4241-4BF2-81F3-E85CEE354BD7}.Debug|ARM64.ActiveCfg = Debug|ARM64
		{F72E4825-4241-4BF2-81F3-E85CEE354BD7}.Debug|ARM64.Build.0 = Debug|ARM64
		{F72E4825-4241-4BF2-81F3-E85CEE354BD7}.Debug|x64.ActiveCfg = Debug|x64
		{F72E4825-4241-4BF2-81F3-E85CEE354BD7}.Debug|x64.Build.0 = Debug|x64
		{F72E4825-4241-4BF2-81F3-E85CEE354BD7}.Debug|x86.ActiveCfg = Debug|x64
		{F72E4825-4241-4BF2-81F3-E85CEE354BD7}.Debug|x86.Build.0 = Debug|x64
		{F72E4825-4241-4BF2-81F3-E85CEE354BD7}.Debug|x86.Deploy.0 = Debug|x64
		{F72E4825-4241-4BF2-81F3-E85CEE354BD7}.Release|ARM64.ActiveCfg = Release|ARM64
		{F72E4825-4241-4BF2-81F3-E85CEE354BD7}.Release|ARM64.Build.0 = Release|ARM64
		{F72E4825-4241-4BF2-81F3-E85CEE354BD7}.Release|x64.ActiveCfg = Release|x64
		{F72E4825-4241-4BF2-81F3-E85CEE354BD7}.Release|x64.Build.0 = Release|x64
		{F72E4825-4241-4BF2-81F3-E85CEE354BD7}.Release|x86.ActiveCfg = Release|x64
		{F72E4825-4241-4BF2-81F3-E85CEE354BD7}.Release|x86.Build.0 = Release|x64
		{F72E4825-4241-4BF2-81F3-E85CEE354BD7}.Release|x86.Deploy.0 = Release|x64
		{82AD99B5-BAA2-4D92-9FAA-6DD599659A34}.Debug|ARM64.ActiveCfg = Debug|ARM64
		{82AD99B5-BAA2-4D92-9FAA-6DD599659A34}.Debug|ARM64.Build.0 = Debug|ARM64
		{82AD99B5-BAA2-4D92-9FAA-6DD599659A34}.Debug|x64.ActiveCfg = Debug|x64
		{82AD99B5-BAA2-4D92-9FAA-6DD599659A34}.Debug|x64.Build.0 = Debug|x64
		{82AD99B5-BAA2-4D92-9FAA-6DD599659A34}.Debug|x86.ActiveCfg = Debug|Win32
		{82AD99B5-BAA2-4D92-9FAA-6DD599659A34}.Debug|x86.Build.0 = Debug|Win32
		{82AD99B5-BAA2-4D92-9FAA-6DD599659A34}.Release|ARM64.ActiveCfg = Release|ARM64
		{82AD99B5-BAA2-4D92-9FAA-6DD599659A34}.Release|ARM64.Build.0 = Release|ARM64
		{82AD99B5-BAA2-4D92-9FAA-6DD599659A34}.Release|x64.ActiveCfg = Release|x64
		{82AD99B5-BAA2-4D92-9FAA-6DD599659A34}.Release|x64.Build.0 = Release|x64
		{82AD99B5-BAA2-4D92-9FAA-6DD599659A34}.Release|x86.ActiveCfg = Release|Win32
		{82AD99B5-BAA2-4D92-9FAA-6DD599659A34}.Release|x86.Build.0 = Release|Win32
		{FCBA1469-6A37-4243-9325-8F60401C0435}.Debug|ARM64.ActiveCfg = Debug|ARM64
		{FCBA1469-6A37-4243-9325-8F60401C0435}.Debug|ARM64.Build.0 = Debug|ARM64
		{FCBA1469-6A37-4243-9325-8F60401C0435}.Debug|x64.ActiveCfg = Debug|x64
		{FCBA1469-6A37-4243-9325-8F60401C0435}.Debug|x64.Build.0 = Debug|x64
		{FCBA1469-6A37-4243-9325-8F60401C0435}.Debug|x86.ActiveCfg = Debug|Win32
		{FCBA1469-6A37-4243-9325-8F60401C0435}.Debug|x86.Build.0 = Debug|Win32
		{FCBA1469-6A37-4243-9325-8F60401C0435}.Release|ARM64.ActiveCfg = Release|ARM64
		{FCBA1469-6A37-4243-9325-8F60401C0435}.Release|ARM64.Build.0 = Release|ARM64
		{FCBA1469-6A37-4243-9325-8F60401C0435}.Release|x64.ActiveCfg = Release|x64
		{FCBA1469-6A37-4243-9325-8F60401C0435}.Release|x64.Build.0 = Release|x64
		{FCBA1469-6A37-4243-9325-8F60401C0435}.Release|x86.ActiveCfg = Release|Win32
		{FCBA1469-6A37-4243-9325-8F60401C0435}.Release|x86.Build.0 = Release|Win32
		{2E07F09D-5EBC-4F09-B522-184E5CA1597C}.Debug|ARM64.ActiveCfg = Debug|ARM64
		{2E07F09D-5EBC-4F09-B522-184E5CA1597C}.Debug|ARM64.Build.0 = Debug|ARM64
		{2E07F09D-5EBC-4F09-B522-184E5CA1597C}.Debug|ARM64.Deploy.0 = Debug|ARM64
		{2E07F09D-5EBC-4F09-B522-184E5CA1597C}.Debug|x64.ActiveCfg = Debug|x64
		{2E07F09D-5EBC-4F09-B522-184E5CA1597C}.Debug|x64.Build.0 = Debug|x64
		{2E07F09D-5EBC-4F09-B522-184E5CA1597C}.Debug|x64.Deploy.0 = Debug|x64
		{2E07F09D-5EBC-4F09-B522-184E5CA1597C}.Debug|x86.ActiveCfg = Debug|Win32
		{2E07F09D-5EBC-4F09-B522-184E5CA1597C}.Debug|x86.Build.0 = Debug|Win32
		{2E07F09D-5EBC-4F09-B522-184E5CA1597C}.Debug|x86.Deploy.0 = Debug|Win32
		{2E07F09D-5EBC-4F09-B522-184E5CA1597C}.Release|ARM64.ActiveCfg = Release|ARM64
		{2E07F09D-5EBC-4F09-B522-184E5CA1597C}.Release|ARM64.Build.0 = Release|ARM64
		{2E07F09D-5EBC-4F09-B522-184E5CA1597C}.Release|ARM64.Deploy.0 = Release|ARM64
		{2E07F09D-5EBC-4F09-B522-184E5CA1597C}.Release|x64.ActiveCfg = Release|x64
		{2E07F09D-5EBC-4F09-B522-184E5CA1597C}.Release|x64.Build.0 = Release|x64
		{2E07F09D-5EBC-4F09-B522-184E5CA1597C}.Release|x64.Deploy.0 = Release|x64
		{2E07F09D-5EBC-4F09-B522-184E5CA1597C}.Release|x86.ActiveCfg = Release|Win32
		{2E07F09D-5EBC-4F09-B522-184E5CA1597C}.Release|x86.Build.0 = Release|Win32
		{2E07F09D-5EBC-4F09-B522-184E5CA1597C}.Release|x86.Deploy.0 = Release|Win32
	EndGlobalSection
	GlobalSection(SolutionProperties) = preSolution
		HideSolutionNode = FALSE
	EndGlobalSection
	GlobalSection(ExtensibilityGlobals) = postSolution
		SolutionGuid = {7700087B-7E67-40B5-96F5-2991CA8360B1}
	EndGlobalSection
EndGlobal
